
Microsoft Visual Studio Solution File, Format Version 12.00
# Visual Studio Version 17
VisualStudioVersion = 17.7.34031.279
MinimumVisualStudioVersion = 10.0.40219.1
Project("{9A19103F-16F7-4668-BE54-9A1E7A4F7556}") = "Architectures.CleanArch.Domain", "Architectures.CleanArch.Domain\Architectures.CleanArch.Domain.csproj", "{A93CBD71-D480-4584-8B70-065732991812}"
EndProject
Project("{9A19103F-16F7-4668-BE54-9A1E7A4F7556}") = "Architectures.CleanArch.WebApi", "Architectures.CleanArch.WebApi\Architectures.CleanArch.WebApi.csproj", "{05070562-893E-46BB-9E79-D0D6A028DB1D}"
EndProject
Project("{9A19103F-16F7-4668-BE54-9A1E7A4F7556}") = "Architectures.NoArch.WebApi", "Architectures.NoArch.WebApi\Architectures.NoArch.WebApi.csproj", "{47CB813D-98C4-45C4-98EB-F5B89BB0ABE9}"
EndProject
Project("{9A19103F-16F7-4668-BE54-9A1E7A4F7556}") = "Architectures.Onion.Domain", "Architectures.Onion.Domain\Architectures.Onion.Domain.csproj", "{9328CB0A-9827-4E45-871F-DDE9F8957EDA}"
EndProject
Project("{9A19103F-16F7-4668-BE54-9A1E7A4F7556}") = "Architectures.Onion.WebApi", "Architectures.Onion.WebApi\Architectures.Onion.WebApi.csproj", "{A4243971-CEF7-4045-A31B-EFAC649F8478}"
EndProject
Project("{9A19103F-16F7-4668-BE54-9A1E7A4F7556}") = "Architectures.CleanArch.Infra", "Architectures.CleanArch.Infra\Architectures.CleanArch.Infra.csproj", "{2070BF11-7C01-4B20-878A-8FE1E47D1B97}"
EndProject
Project("{9A19103F-16F7-4668-BE54-9A1E7A4F7556}") = "Architectures.Onion.Infra", "Architectures.Onion.Infra\Architectures.Onion.Infra.csproj", "{D04584A5-3DAE-4051-A0EF-498144E9C7F5}"
EndProject
Project("{2150E333-8FDC-42A3-9474-1A3956D46DE8}") = "Documentation", "Documentation", "{01A234A0-5415-4DFE-B390-3F4AA3576E2B}"
	ProjectSection(SolutionItems) = preProject
		README.md = README.md
		RESULTS.md = RESULTS.md
	EndProjectSection
EndProject
Project("{2150E333-8FDC-42A3-9474-1A3956D46DE8}") = "CleanArch", "CleanArch", "{FA00E257-2BA0-48B1-B78A-D768493D94F6}"
EndProject
Project("{2150E333-8FDC-42A3-9474-1A3956D46DE8}") = "Onion", "Onion", "{FC865AAB-AF09-4A3D-8704-82E4534C2440}"
EndProject
Project("{2150E333-8FDC-42A3-9474-1A3956D46DE8}") = "NoArch", "NoArch", "{993A8B34-9342-40CE-9E05-0BD1A3CDACCD}"
EndProject
Project("{FAE04EC0-301F-11D3-BF4B-00C04F79EFBC}") = "Architectures.CleanArch.Application", "Architectures.CleanArch.Application\Architectures.CleanArch.Application.csproj", "{D0323CD1-A27A-45D8-AE82-EECA204AF8B3}"
EndProject
Global
	GlobalSection(SolutionConfigurationPlatforms) = preSolution
		Debug|Any CPU = Debug|Any CPU
		Release|Any CPU = Release|Any CPU
	EndGlobalSection
	GlobalSection(ProjectConfigurationPlatforms) = postSolution
		{A93CBD71-D480-4584-8B70-065732991812}.Debug|Any CPU.ActiveCfg = Debug|Any CPU
		{A93CBD71-D480-4584-8B70-065732991812}.Debug|Any CPU.Build.0 = Debug|Any CPU
		{A93CBD71-D480-4584-8B70-065732991812}.Release|Any CPU.ActiveCfg = Release|Any CPU
		{A93CBD71-D480-4584-8B70-065732991812}.Release|Any CPU.Build.0 = Release|Any CPU
		{05070562-893E-46BB-9E79-D0D6A028DB1D}.Debug|Any CPU.ActiveCfg = Debug|Any CPU
		{05070562-893E-46BB-9E79-D0D6A028DB1D}.Debug|Any CPU.Build.0 = Debug|Any CPU
		{05070562-893E-46BB-9E79-D0D6A028DB1D}.Release|Any CPU.ActiveCfg = Release|Any CPU
		{05070562-893E-46BB-9E79-D0D6A028DB1D}.Release|Any CPU.Build.0 = Release|Any CPU
		{47CB813D-98C4-45C4-98EB-F5B89BB0ABE9}.Debug|Any CPU.ActiveCfg = Debug|Any CPU
		{47CB813D-98C4-45C4-98EB-F5B89BB0ABE9}.Debug|Any CPU.Build.0 = Debug|Any CPU
		{47CB813D-98C4-45C4-98EB-F5B89BB0ABE9}.Release|Any CPU.ActiveCfg = Release|Any CPU
		{47CB813D-98C4-45C4-98EB-F5B89BB0ABE9}.Release|Any CPU.Build.0 = Release|Any CPU
		{9328CB0A-9827-4E45-871F-DDE9F8957EDA}.Debug|Any CPU.ActiveCfg = Debug|Any CPU
		{9328CB0A-9827-4E45-871F-DDE9F8957EDA}.Debug|Any CPU.Build.0 = Debug|Any CPU
		{9328CB0A-9827-4E45-871F-DDE9F8957EDA}.Release|Any CPU.ActiveCfg = Release|Any CPU
		{9328CB0A-9827-4E45-871F-DDE9F8957EDA}.Release|Any CPU.Build.0 = Release|Any CPU
		{A4243971-CEF7-4045-A31B-EFAC649F8478}.Debug|Any CPU.ActiveCfg = Debug|Any CPU
		{A4243971-CEF7-4045-A31B-EFAC649F8478}.Debug|Any CPU.Build.0 = Debug|Any CPU
		{A4243971-CEF7-4045-A31B-EFAC649F8478}.Release|Any CPU.ActiveCfg = Release|Any CPU
		{A4243971-CEF7-4045-A31B-EFAC649F8478}.Release|Any CPU.Build.0 = Release|Any CPU
		{2070BF11-7C01-4B20-878A-8FE1E47D1B97}.Debug|Any CPU.ActiveCfg = Debug|Any CPU
		{2070BF11-7C01-4B20-878A-8FE1E47D1B97}.Debug|Any CPU.Build.0 = Debug|Any CPU
		{2070BF11-7C01-4B20-878A-8FE1E47D1B97}.Release|Any CPU.ActiveCfg = Release|Any CPU
		{2070BF11-7C01-4B20-878A-8FE1E47D1B97}.Release|Any CPU.Build.0 = Release|Any CPU
		{D04584A5-3DAE-4051-A0EF-498144E9C7F5}.Debug|Any CPU.ActiveCfg = Debug|Any CPU
		{D04584A5-3DAE-4051-A0EF-498144E9C7F5}.Debug|Any CPU.Build.0 = Debug|Any CPU
		{D04584A5-3DAE-4051-A0EF-498144E9C7F5}.Release|Any CPU.ActiveCfg = Release|Any CPU
		{D04584A5-3DAE-4051-A0EF-498144E9C7F5}.Release|Any CPU.Build.0 = Release|Any CPU
		{D0323CD1-A27A-45D8-AE82-EECA204AF8B3}.Debug|Any CPU.ActiveCfg = Debug|Any CPU
		{D0323CD1-A27A-45D8-AE82-EECA204AF8B3}.Debug|Any CPU.Build.0 = Debug|Any CPU
		{D0323CD1-A27A-45D8-AE82-EECA204AF8B3}.Release|Any CPU.ActiveCfg = Release|Any CPU
		{D0323CD1-A27A-45D8-AE82-EECA204AF8B3}.Release|Any CPU.Build.0 = Release|Any CPU
	EndGlobalSection
	GlobalSection(SolutionProperties) = preSolution
		HideSolutionNode = FALSE
	EndGlobalSection
	GlobalSection(NestedProjects) = preSolution
		{A93CBD71-D480-4584-8B70-065732991812} = {FA00E257-2BA0-48B1-B78A-D768493D94F6}
		{05070562-893E-46BB-9E79-D0D6A028DB1D} = {FA00E257-2BA0-48B1-B78A-D768493D94F6}
		{47CB813D-98C4-45C4-98EB-F5B89BB0ABE9} = {993A8B34-9342-40CE-9E05-0BD1A3CDACCD}
		{9328CB0A-9827-4E45-871F-DDE9F8957EDA} = {FC865AAB-AF09-4A3D-8704-82E4534C2440}
		{A4243971-CEF7-4045-A31B-EFAC649F8478} = {FC865AAB-AF09-4A3D-8704-82E4534C2440}
		{2070BF11-7C01-4B20-878A-8FE1E47D1B97} = {FA00E257-2BA0-48B1-B78A-D768493D94F6}
		{D04584A5-3DAE-4051-A0EF-498144E9C7F5} = {FC865AAB-AF09-4A3D-8704-82E4534C2440}
		{D0323CD1-A27A-45D8-AE82-EECA204AF8B3} = {FA00E257-2BA0-48B1-B78A-D768493D94F6}
	EndGlobalSection
	GlobalSection(ExtensibilityGlobals) = postSolution
		SolutionGuid = {6918EEFA-B936-4D4A-870A-FE553A87ABC1}
	EndGlobalSection
EndGlobal
