
Microsoft Visual Studio Solution File, Format Version 12.00
# Visual Studio Version 17
VisualStudioVersion = 17.7.34031.279
MinimumVisualStudioVersion = 10.0.40219.1
Project("{9A19103F-16F7-4668-BE54-9A1E7A4F7556}") = "Architectures.CleanArch.Domain", "Architectures.CleanArch.Domain\Architectures.CleanArch.Domain.csproj", "{A93CBD71-D480-4584-8B70-065732991812}"
EndProject
Project("{9A19103F-16F7-4668-BE54-9A1E7A4F7556}") = "Architectures.CleanArch.WebApi", "Architectures.CleanArch.WebApi\Architectures.CleanArch.WebApi.csproj", "{05070562-893E-46BB-9E79-D0D6A028DB1D}"
EndProject
Project("{9A19103F-16F7-4668-BE54-9A1E7A4F7556}") = "Architectures.NoArch.WebApi", "Architectures.NoArch.WebApi\Architectures.NoArch.WebApi.csproj", "{47CB813D-98C4-45C4-98EB-F5B89BB0ABE9}"
EndProject
Project("{9A19103F-16F7-4668-BE54-9A1E7A4F7556}") = "Architectures.CleanArch.Infra", "Architectures.CleanArch.Infra\Architectures.CleanArch.Infra.csproj", "{2070BF11-7C01-4B20-878A-8FE1E47D1B97}"
EndProject
Project("{2150E333-8FDC-42A3-9474-1A3956D46DE8}") = "Documentation", "Documentation", "{01A234A0-5415-4DFE-B390-3F4AA3576E2B}"
	ProjectSection(SolutionItems) = preProject
		README.md = README.md
		RESULTS.md = RESULTS.md
	EndProjectSection
EndProject
Project("{2150E333-8FDC-42A3-9474-1A3956D46DE8}") = "CleanArch", "CleanArch", "{FA00E257-2BA0-48B1-B78A-D768493D94F6}"
EndProject
Project("{2150E333-8FDC-42A3-9474-1A3956D46DE8}") = "NoArch", "NoArch", "{993A8B34-9342-40CE-9E05-0BD1A3CDACCD}"
EndProject
Project("{9A19103F-16F7-4668-BE54-9A1E7A4F7556}") = "Architectures.CleanArch.Application", "Architectures.CleanArch.Application\Architectures.CleanArch.Application.csproj", "{D0323CD1-A27A-45D8-AE82-EECA204AF8B3}"
EndProject
Project("{2150E333-8FDC-42A3-9474-1A3956D46DE8}") = "Docker", "Docker", "{B3B283BE-F511-40DF-BE4B-B1490B8C8477}"
	ProjectSection(SolutionItems) = preProject
		cleanarch-compose.yaml = cleanarch-compose.yaml
		hexagonalarch-compose.yaml = hexagonalarch-compose.yaml
		noarch-compose.yaml = noarch-compose.yaml
	EndProjectSection
EndProject
Project("{2150E333-8FDC-42A3-9474-1A3956D46DE8}") = "nginx", "nginx", "{E5CF4346-2075-4D8A-A408-D90636B2B97D}"
	ProjectSection(SolutionItems) = preProject
		architectures.conf = architectures.conf
	EndProjectSection
EndProject
Project("{2150E333-8FDC-42A3-9474-1A3956D46DE8}") = "application", "application", "{9E20424D-FEB4-43B2-A7A7-4EB16DDDF891}"
	ProjectSection(SolutionItems) = preProject
		cleanarch.dockerfile = cleanarch.dockerfile
		hexagonalarch.dockerfile = hexagonalarch.dockerfile
		noarch.dockerfile = noarch.dockerfile
	EndProjectSection
EndProject
Project("{2150E333-8FDC-42A3-9474-1A3956D46DE8}") = "HexagonalArch", "HexagonalArch", "{4482FAA0-EB32-4C86-B3D3-6A94A9F540C7}"
EndProject
Project("{2150E333-8FDC-42A3-9474-1A3956D46DE8}") = "Adaptadores", "Adaptadores", "{8166127A-6FAB-40DE-9119-ABFF65127C33}"
EndProject
Project("{2150E333-8FDC-42A3-9474-1A3956D46DE8}") = "Direcao", "Direcao", "{A6E3D97B-12F1-400F-A272-56D5206A2AC0}"
EndProject
Project("{2150E333-8FDC-42A3-9474-1A3956D46DE8}") = "Acionados", "Acionados", "{E05B9F14-F784-44D7-8DFB-8601A41F732B}"
EndProject
Project("{9A19103F-16F7-4668-BE54-9A1E7A4F7556}") = "Architectures.HexagonalArch.WebApi", "Architectures.HexagonalArch.WebApi\Architectures.HexagonalArch.WebApi.csproj", "{415F328D-E34C-4C9C-AD1B-8D4EB87CCAA2}"
EndProject
Project("{9A19103F-16F7-4668-BE54-9A1E7A4F7556}") = "Architectures.HexagonalArch.Infra", "Architectures.HexagonalArch.Infra\Architectures.HexagonalArch.Infra.csproj", "{D1F6AED7-7BEF-406C-B0ED-ED0D943D10F5}"
EndProject
Project("{2150E333-8FDC-42A3-9474-1A3956D46DE8}") = "Core", "Core", "{390F9CB5-6063-4E64-BD09-F5ADB084C7EE}"
EndProject
Project("{9A19103F-16F7-4668-BE54-9A1E7A4F7556}") = "Architectures.HexagonalArch.Domain", "Architectures.HexagonalArch.Domain\Architectures.HexagonalArch.Domain.csproj", "{59D4E5A0-AC44-4F62-A67F-2138D76B8202}"
EndProject
Project("{9A19103F-16F7-4668-BE54-9A1E7A4F7556}") = "Architectures.HexagonalArch.Application", "Architectures.HexagonalArch.Application\Architectures.HexagonalArch.Application.csproj", "{85E82183-60D1-4E3A-9F85-BB47EF330DF5}"
EndProject
Project("{2150E333-8FDC-42A3-9474-1A3956D46DE8}") = "Tests", "Tests", "{43BB067B-AC76-41D5-A85C-9C1C779F5999}"
EndProject
Project("{54A90642-561A-4BB1-A94E-469ADEE60C69}") = "Architectures.Tests", "Architectures.Tests\Architectures.Tests.esproj", "{67AA7E78-A4D9-4377-9872-1ED9B47A7DD5}"
EndProject
Global
	GlobalSection(SolutionConfigurationPlatforms) = preSolution
		Debug|Any CPU = Debug|Any CPU
		Release|Any CPU = Release|Any CPU
	EndGlobalSection
	GlobalSection(ProjectConfigurationPlatforms) = postSolution
		{A93CBD71-D480-4584-8B70-065732991812}.Debug|Any CPU.ActiveCfg = Debug|Any CPU
		{A93CBD71-D480-4584-8B70-065732991812}.Debug|Any CPU.Build.0 = Debug|Any CPU
		{A93CBD71-D480-4584-8B70-065732991812}.Release|Any CPU.ActiveCfg = Release|Any CPU
		{A93CBD71-D480-4584-8B70-065732991812}.Release|Any CPU.Build.0 = Release|Any CPU
		{05070562-893E-46BB-9E79-D0D6A028DB1D}.Debug|Any CPU.ActiveCfg = Debug|Any CPU
		{05070562-893E-46BB-9E79-D0D6A028DB1D}.Debug|Any CPU.Build.0 = Debug|Any CPU
		{05070562-893E-46BB-9E79-D0D6A028DB1D}.Release|Any CPU.ActiveCfg = Release|Any CPU
		{05070562-893E-46BB-9E79-D0D6A028DB1D}.Release|Any CPU.Build.0 = Release|Any CPU
		{47CB813D-98C4-45C4-98EB-F5B89BB0ABE9}.Debug|Any CPU.ActiveCfg = Debug|Any CPU
		{47CB813D-98C4-45C4-98EB-F5B89BB0ABE9}.Debug|Any CPU.Build.0 = Debug|Any CPU
		{47CB813D-98C4-45C4-98EB-F5B89BB0ABE9}.Release|Any CPU.ActiveCfg = Release|Any CPU
		{47CB813D-98C4-45C4-98EB-F5B89BB0ABE9}.Release|Any CPU.Build.0 = Release|Any CPU
		{2070BF11-7C01-4B20-878A-8FE1E47D1B97}.Debug|Any CPU.ActiveCfg = Debug|Any CPU
		{2070BF11-7C01-4B20-878A-8FE1E47D1B97}.Debug|Any CPU.Build.0 = Debug|Any CPU
		{2070BF11-7C01-4B20-878A-8FE1E47D1B97}.Release|Any CPU.ActiveCfg = Release|Any CPU
		{2070BF11-7C01-4B20-878A-8FE1E47D1B97}.Release|Any CPU.Build.0 = Release|Any CPU
		{D0323CD1-A27A-45D8-AE82-EECA204AF8B3}.Debug|Any CPU.ActiveCfg = Debug|Any CPU
		{D0323CD1-A27A-45D8-AE82-EECA204AF8B3}.Debug|Any CPU.Build.0 = Debug|Any CPU
		{D0323CD1-A27A-45D8-AE82-EECA204AF8B3}.Release|Any CPU.ActiveCfg = Release|Any CPU
		{D0323CD1-A27A-45D8-AE82-EECA204AF8B3}.Release|Any CPU.Build.0 = Release|Any CPU
		{415F328D-E34C-4C9C-AD1B-8D4EB87CCAA2}.Debug|Any CPU.ActiveCfg = Debug|Any CPU
		{415F328D-E34C-4C9C-AD1B-8D4EB87CCAA2}.Debug|Any CPU.Build.0 = Debug|Any CPU
		{415F328D-E34C-4C9C-AD1B-8D4EB87CCAA2}.Release|Any CPU.ActiveCfg = Release|Any CPU
		{415F328D-E34C-4C9C-AD1B-8D4EB87CCAA2}.Release|Any CPU.Build.0 = Release|Any CPU
		{D1F6AED7-7BEF-406C-B0ED-ED0D943D10F5}.Debug|Any CPU.ActiveCfg = Debug|Any CPU
		{D1F6AED7-7BEF-406C-B0ED-ED0D943D10F5}.Debug|Any CPU.Build.0 = Debug|Any CPU
		{D1F6AED7-7BEF-406C-B0ED-ED0D943D10F5}.Release|Any CPU.ActiveCfg = Release|Any CPU
		{D1F6AED7-7BEF-406C-B0ED-ED0D943D10F5}.Release|Any CPU.Build.0 = Release|Any CPU
		{59D4E5A0-AC44-4F62-A67F-2138D76B8202}.Debug|Any CPU.ActiveCfg = Debug|Any CPU
		{59D4E5A0-AC44-4F62-A67F-2138D76B8202}.Debug|Any CPU.Build.0 = Debug|Any CPU
		{59D4E5A0-AC44-4F62-A67F-2138D76B8202}.Release|Any CPU.ActiveCfg = Release|Any CPU
		{59D4E5A0-AC44-4F62-A67F-2138D76B8202}.Release|Any CPU.Build.0 = Release|Any CPU
		{85E82183-60D1-4E3A-9F85-BB47EF330DF5}.Debug|Any CPU.ActiveCfg = Debug|Any CPU
		{85E82183-60D1-4E3A-9F85-BB47EF330DF5}.Debug|Any CPU.Build.0 = Debug|Any CPU
		{85E82183-60D1-4E3A-9F85-BB47EF330DF5}.Release|Any CPU.ActiveCfg = Release|Any CPU
		{85E82183-60D1-4E3A-9F85-BB47EF330DF5}.Release|Any CPU.Build.0 = Release|Any CPU
		{67AA7E78-A4D9-4377-9872-1ED9B47A7DD5}.Debug|Any CPU.ActiveCfg = Debug|Any CPU
		{67AA7E78-A4D9-4377-9872-1ED9B47A7DD5}.Debug|Any CPU.Build.0 = Debug|Any CPU
		{67AA7E78-A4D9-4377-9872-1ED9B47A7DD5}.Debug|Any CPU.Deploy.0 = Debug|Any CPU
		{67AA7E78-A4D9-4377-9872-1ED9B47A7DD5}.Release|Any CPU.ActiveCfg = Release|Any CPU
		{67AA7E78-A4D9-4377-9872-1ED9B47A7DD5}.Release|Any CPU.Build.0 = Release|Any CPU
		{67AA7E78-A4D9-4377-9872-1ED9B47A7DD5}.Release|Any CPU.Deploy.0 = Release|Any CPU
	EndGlobalSection
	GlobalSection(SolutionProperties) = preSolution
		HideSolutionNode = FALSE
	EndGlobalSection
	GlobalSection(NestedProjects) = preSolution
		{A93CBD71-D480-4584-8B70-065732991812} = {FA00E257-2BA0-48B1-B78A-D768493D94F6}
		{05070562-893E-46BB-9E79-D0D6A028DB1D} = {FA00E257-2BA0-48B1-B78A-D768493D94F6}
		{47CB813D-98C4-45C4-98EB-F5B89BB0ABE9} = {993A8B34-9342-40CE-9E05-0BD1A3CDACCD}
		{2070BF11-7C01-4B20-878A-8FE1E47D1B97} = {FA00E257-2BA0-48B1-B78A-D768493D94F6}
		{D0323CD1-A27A-45D8-AE82-EECA204AF8B3} = {FA00E257-2BA0-48B1-B78A-D768493D94F6}
		{E5CF4346-2075-4D8A-A408-D90636B2B97D} = {B3B283BE-F511-40DF-BE4B-B1490B8C8477}
		{9E20424D-FEB4-43B2-A7A7-4EB16DDDF891} = {B3B283BE-F511-40DF-BE4B-B1490B8C8477}
		{8166127A-6FAB-40DE-9119-ABFF65127C33} = {4482FAA0-EB32-4C86-B3D3-6A94A9F540C7}
		{A6E3D97B-12F1-400F-A272-56D5206A2AC0} = {8166127A-6FAB-40DE-9119-ABFF65127C33}
		{E05B9F14-F784-44D7-8DFB-8601A41F732B} = {8166127A-6FAB-40DE-9119-ABFF65127C33}
		{415F328D-E34C-4C9C-AD1B-8D4EB87CCAA2} = {A6E3D97B-12F1-400F-A272-56D5206A2AC0}
		{D1F6AED7-7BEF-406C-B0ED-ED0D943D10F5} = {E05B9F14-F784-44D7-8DFB-8601A41F732B}
		{390F9CB5-6063-4E64-BD09-F5ADB084C7EE} = {4482FAA0-EB32-4C86-B3D3-6A94A9F540C7}
		{59D4E5A0-AC44-4F62-A67F-2138D76B8202} = {390F9CB5-6063-4E64-BD09-F5ADB084C7EE}
		{85E82183-60D1-4E3A-9F85-BB47EF330DF5} = {390F9CB5-6063-4E64-BD09-F5ADB084C7EE}
		{67AA7E78-A4D9-4377-9872-1ED9B47A7DD5} = {43BB067B-AC76-41D5-A85C-9C1C779F5999}
	EndGlobalSection
	GlobalSection(ExtensibilityGlobals) = postSolution
		SolutionGuid = {6918EEFA-B936-4D4A-870A-FE553A87ABC1}
	EndGlobalSection
EndGlobal
